
Microsoft Visual Studio Solution File, Format Version 12.00
# Visual Studio Version 17
Project("{2150E333-8FDC-42A3-9474-1A3956D46DE8}") = "CMakePredefinedTargets", "CMakePredefinedTargets", "{27D513F1-E6D9-301D-A504-205FDF903FCF}"
EndProject
Project("{2150E333-8FDC-42A3-9474-1A3956D46DE8}") = "Project", "Project", "{1B545B75-BEEF-3E15-A72C-EECAA3A13DAA}"
EndProject
Project("{8BC9CEB8-8B4A-11D0-8D11-00A0C91BC942}") = "GameLauncher", "GameLauncher.vcxproj", "{AFA3A57D-FC23-3D74-B0D3-373AB8CEB2E4}"
	ProjectSection(ProjectDependencies) = postProject
		{F0F12E2D-6468-3525-8535-F44E9E5B98C5} = {F0F12E2D-6468-3525-8535-F44E9E5B98C5}
	EndProjectSection
EndProject
Project("{8BC9CEB8-8B4A-11D0-8D11-00A0C91BC942}") = "ALL_BUILD", "ALL_BUILD.vcxproj", "{059AA385-EBDA-3E2A-897A-71CA3AC0FCAD}"
	ProjectSection(ProjectDependencies) = postProject
		{6C98AD42-73A8-3C99-ADF3-76EA090A825A} = {6C98AD42-73A8-3C99-ADF3-76EA090A825A}
		{133493FB-A14F-36CB-B794-A358C3F7D318} = {133493FB-A14F-36CB-B794-A358C3F7D318}
		{AFA3A57D-FC23-3D74-B0D3-373AB8CEB2E4} = {AFA3A57D-FC23-3D74-B0D3-373AB8CEB2E4}
		{F8566067-4103-395B-B320-8B3B267FA96E} = {F8566067-4103-395B-B320-8B3B267FA96E}
		{F0F12E2D-6468-3525-8535-F44E9E5B98C5} = {F0F12E2D-6468-3525-8535-F44E9E5B98C5}
	EndProjectSection
EndProject
Project("{8BC9CEB8-8B4A-11D0-8D11-00A0C91BC942}") = "Editor", "Editor.vcxproj", "{6C98AD42-73A8-3C99-ADF3-76EA090A825A}"
	ProjectSection(ProjectDependencies) = postProject
		{F0F12E2D-6468-3525-8535-F44E9E5B98C5} = {F0F12E2D-6468-3525-8535-F44E9E5B98C5}
	EndProjectSection
EndProject
Project("{8BC9CEB8-8B4A-11D0-8D11-00A0C91BC942}") = "Game", "Game.vcxproj", "{133493FB-A14F-36CB-B794-A358C3F7D318}"
	ProjectSection(ProjectDependencies) = postProject
		{F0F12E2D-6468-3525-8535-F44E9E5B98C5} = {F0F12E2D-6468-3525-8535-F44E9E5B98C5}
	EndProjectSection
EndProject
Project("{8BC9CEB8-8B4A-11D0-8D11-00A0C91BC942}") = "GameServer", "GameServer.vcxproj", "{F8566067-4103-395B-B320-8B3B267FA96E}"
	ProjectSection(ProjectDependencies) = postProject
		{F0F12E2D-6468-3525-8535-F44E9E5B98C5} = {F0F12E2D-6468-3525-8535-F44E9E5B98C5}
	EndProjectSection
EndProject
Project("{8BC9CEB8-8B4A-11D0-8D11-00A0C91BC942}") = "INSTALL", "INSTALL.vcxproj", "{7BD8BFDF-0C7B-3F39-A1B5-DA0920D9DA65}"
	ProjectSection(ProjectDependencies) = postProject
		{059AA385-EBDA-3E2A-897A-71CA3AC0FCAD} = {059AA385-EBDA-3E2A-897A-71CA3AC0FCAD}
		{F0F12E2D-6468-3525-8535-F44E9E5B98C5} = {F0F12E2D-6468-3525-8535-F44E9E5B98C5}
	EndProjectSection
EndProject
Project("{8BC9CEB8-8B4A-11D0-8D11-00A0C91BC942}") = "ZERO_CHECK", "ZERO_CHECK.vcxproj", "{F0F12E2D-6468-3525-8535-F44E9E5B98C5}"
	ProjectSection(ProjectDependencies) = postProject
	EndProjectSection
EndProject
Global
	GlobalSection(SolutionConfigurationPlatforms) = preSolution
		Debug|x64 = Debug|x64
		Profile|x64 = Profile|x64
		Release|x64 = Release|x64
	EndGlobalSection
	GlobalSection(ProjectConfigurationPlatforms) = postSolution
		{AFA3A57D-FC23-3D74-B0D3-373AB8CEB2E4}.Debug|x64.ActiveCfg = Debug|x64
		{AFA3A57D-FC23-3D74-B0D3-373AB8CEB2E4}.Debug|x64.Build.0 = Debug|x64
		{AFA3A57D-FC23-3D74-B0D3-373AB8CEB2E4}.Profile|x64.ActiveCfg = Profile|x64
		{AFA3A57D-FC23-3D74-B0D3-373AB8CEB2E4}.Profile|x64.Build.0 = Profile|x64
		{AFA3A57D-FC23-3D74-B0D3-373AB8CEB2E4}.Release|x64.ActiveCfg = Release|x64
		{AFA3A57D-FC23-3D74-B0D3-373AB8CEB2E4}.Release|x64.Build.0 = Release|x64
		{059AA385-EBDA-3E2A-897A-71CA3AC0FCAD}.Debug|x64.ActiveCfg = Debug|x64
		{059AA385-EBDA-3E2A-897A-71CA3AC0FCAD}.Debug|x64.Build.0 = Debug|x64
		{059AA385-EBDA-3E2A-897A-71CA3AC0FCAD}.Profile|x64.ActiveCfg = Profile|x64
		{059AA385-EBDA-3E2A-897A-71CA3AC0FCAD}.Profile|x64.Build.0 = Profile|x64
		{059AA385-EBDA-3E2A-897A-71CA3AC0FCAD}.Release|x64.ActiveCfg = Release|x64
		{059AA385-EBDA-3E2A-897A-71CA3AC0FCAD}.Release|x64.Build.0 = Release|x64
		{6C98AD42-73A8-3C99-ADF3-76EA090A825A}.Debug|x64.ActiveCfg = Debug|x64
		{6C98AD42-73A8-3C99-ADF3-76EA090A825A}.Debug|x64.Build.0 = Debug|x64
		{6C98AD42-73A8-3C99-ADF3-76EA090A825A}.Profile|x64.ActiveCfg = Profile|x64
		{6C98AD42-73A8-3C99-ADF3-76EA090A825A}.Profile|x64.Build.0 = Profile|x64
		{6C98AD42-73A8-3C99-ADF3-76EA090A825A}.Release|x64.ActiveCfg = Release|x64
		{6C98AD42-73A8-3C99-ADF3-76EA090A825A}.Release|x64.Build.0 = Release|x64
		{133493FB-A14F-36CB-B794-A358C3F7D318}.Debug|x64.ActiveCfg = Debug|x64
		{133493FB-A14F-36CB-B794-A358C3F7D318}.Debug|x64.Build.0 = Debug|x64
		{133493FB-A14F-36CB-B794-A358C3F7D318}.Profile|x64.ActiveCfg = Profile|x64
		{133493FB-A14F-36CB-B794-A358C3F7D318}.Profile|x64.Build.0 = Profile|x64
		{133493FB-A14F-36CB-B794-A358C3F7D318}.Release|x64.ActiveCfg = Release|x64
		{133493FB-A14F-36CB-B794-A358C3F7D318}.Release|x64.Build.0 = Release|x64
		{F8566067-4103-395B-B320-8B3B267FA96E}.Debug|x64.ActiveCfg = Debug|x64
		{F8566067-4103-395B-B320-8B3B267FA96E}.Debug|x64.Build.0 = Debug|x64
		{F8566067-4103-395B-B320-8B3B267FA96E}.Profile|x64.ActiveCfg = Profile|x64
		{F8566067-4103-395B-B320-8B3B267FA96E}.Profile|x64.Build.0 = Profile|x64
		{F8566067-4103-395B-B320-8B3B267FA96E}.Release|x64.ActiveCfg = Release|x64
		{F8566067-4103-395B-B320-8B3B267FA96E}.Release|x64.Build.0 = Release|x64
		{7BD8BFDF-0C7B-3F39-A1B5-DA0920D9DA65}.Debug|x64.ActiveCfg = Debug|x64
		{7BD8BFDF-0C7B-3F39-A1B5-DA0920D9DA65}.Profile|x64.ActiveCfg = Profile|x64
		{7BD8BFDF-0C7B-3F39-A1B5-DA0920D9DA65}.Release|x64.ActiveCfg = Release|x64
		{F0F12E2D-6468-3525-8535-F44E9E5B98C5}.Debug|x64.ActiveCfg = Debug|x64
		{F0F12E2D-6468-3525-8535-F44E9E5B98C5}.Debug|x64.Build.0 = Debug|x64
		{F0F12E2D-6468-3525-8535-F44E9E5B98C5}.Profile|x64.ActiveCfg = Profile|x64
		{F0F12E2D-6468-3525-8535-F44E9E5B98C5}.Profile|x64.Build.0 = Profile|x64
		{F0F12E2D-6468-3525-8535-F44E9E5B98C5}.Release|x64.ActiveCfg = Release|x64
		{F0F12E2D-6468-3525-8535-F44E9E5B98C5}.Release|x64.Build.0 = Release|x64
	EndGlobalSection
	GlobalSection(NestedProjects) = preSolution
		{059AA385-EBDA-3E2A-897A-71CA3AC0FCAD} = {27D513F1-E6D9-301D-A504-205FDF903FCF}
		{7BD8BFDF-0C7B-3F39-A1B5-DA0920D9DA65} = {27D513F1-E6D9-301D-A504-205FDF903FCF}
		{F0F12E2D-6468-3525-8535-F44E9E5B98C5} = {27D513F1-E6D9-301D-A504-205FDF903FCF}
		{133493FB-A14F-36CB-B794-A358C3F7D318} = {1B545B75-BEEF-3E15-A72C-EECAA3A13DAA}
	EndGlobalSection
	GlobalSection(ExtensibilityGlobals) = postSolution
		SolutionGuid = {2385B20B-EB86-3B08-8776-04B97CDE6C70}
	EndGlobalSection
	GlobalSection(ExtensibilityAddIns) = postSolution
	EndGlobalSection
EndGlobal
