<?xml version="1.0" encoding="utf-8"?>
<Project ToolsVersion="17.0" xmlns="http://schemas.microsoft.com/developer/msbuild/2003">
  <ItemGroup>
    <ClCompile Include="D:\.GameDev\Projects\CRYENGINE projects\CryShooter\Shooter\Code\StdAfx.cpp" />
    <ClCompile Include="D:\.GameDev\Projects\CRYENGINE projects\CryShooter\Shooter\solutions\win64\Code_uber.cpp">
      <Filter>UBER FILES</Filter>
    </ClCompile>
    <ClCompile Include="D:\.GameDev\Projects\CRYENGINE projects\CryShooter\Shooter\solutions\win64\Components_uber.cpp">
      <Filter>UBER FILES</Filter>
    </ClCompile>
  </ItemGroup>
  <ItemGroup>
    <ClInclude Include="D:\.GameDev\Projects\CRYENGINE projects\CryShooter\Shooter\Code\GamePlugin.cpp" />
    <ClInclude Include="D:\.GameDev\Projects\CRYENGINE projects\CryShooter\Shooter\Code\GamePlugin.h" />
    <ClInclude Include="D:\.GameDev\Projects\CRYENGINE projects\CryShooter\Shooter\Code\StdAfx.h" />
    <ClInclude Include="D:\.GameDev\Projects\CRYENGINE projects\CryShooter\Shooter\Code\Components\PlayerController.h">
      <Filter>Components\Controllers</Filter>
    </ClInclude>
    <ClInclude Include="D:\.GameDev\Projects\CRYENGINE projects\CryShooter\Shooter\Code\Components\PlayerController.cpp">
      <Filter>Components\Controllers</Filter>
    </ClInclude>
    <ClInclude Include="D:\.GameDev\Projects\CRYENGINE projects\CryShooter\Shooter\Code\Components\Character.h">
      <Filter>Components\Character</Filter>
    </ClInclude>
    <ClInclude Include="D:\.GameDev\Projects\CRYENGINE projects\CryShooter\Shooter\Code\Components\Character.cpp">
      <Filter>Components\Character</Filter>
    </ClInclude>
  </ItemGroup>
  <ItemGroup>
    <CustomBuild Include="D:\.GameDev\Projects\CRYENGINE projects\CryShooter\Shooter\Code\CMakeLists.txt" />
  </ItemGroup>
  <ItemGroup>
    <ResourceCompile Include="D:\.GameDev\Projects\CRYENGINE projects\CryShooter\Shooter\solutions\win64\Game.autogen.rc">
      <Filter>Resource Files</Filter>
    </ResourceCompile>
  </ItemGroup>
  <ItemGroup>
    <Filter Include="Components">
      <UniqueIdentifier>{5CC5E0BC-9C42-3F06-A654-6A9C5ED38F8C}</UniqueIdentifier>
    </Filter>
    <Filter Include="Components\Character">
      <UniqueIdentifier>{A26324E9-7EA1-3A27-8862-CD95486BFF03}</UniqueIdentifier>
    </Filter>
    <Filter Include="Components\Controllers">
      <UniqueIdentifier>{11FF94D0-D907-3040-A631-F3A4F9EA5CEA}</UniqueIdentifier>
    </Filter>
    <Filter Include="Resource Files">
      <UniqueIdentifier>{24153BC0-625F-30B2-9C33-E15A6BF50E28}</UniqueIdentifier>
    </Filter>
    <Filter Include="UBER FILES">
      <UniqueIdentifier>{9EC154B6-EA88-362C-9D84-84331050F6B2}</UniqueIdentifier>
    </Filter>
  </ItemGroup>
</Project>
